
Microsoft Visual Studio Solution File, Format Version 12.00
# Visual Studio Version 17
VisualStudioVersion = 17.5.33530.505
MinimumVisualStudioVersion = 10.0.40219.1
Project("{9A19103F-16F7-4668-BE54-9A1E7A4F7556}") = "CandidateApiProject", "CandidateApiProject\CandidateApiProject.csproj", "{51029BA0-2640-4F8B-A41C-F6DF09D95028}"
EndProject
Project("{FAE04EC0-301F-11D3-BF4B-00C04F79EFBC}") = "CandidateApiUnitTest", "CandidateApiUnitTest\CandidateApiUnitTest.csproj", "{3E52DE90-5E5A-471C-A716-60C96D7FE6F0}"
EndProject
Global
	GlobalSection(SolutionConfigurationPlatforms) = preSolution
		Debug|Any CPU = Debug|Any CPU
		Release|Any CPU = Release|Any CPU
	EndGlobalSection
	GlobalSection(ProjectConfigurationPlatforms) = postSolution
		{51029BA0-2640-4F8B-A41C-F6DF09D95028}.Debug|Any CPU.ActiveCfg = Debug|Any CPU
		{51029BA0-2640-4F8B-A41C-F6DF09D95028}.Debug|Any CPU.Build.0 = Debug|Any CPU
		{51029BA0-2640-4F8B-A41C-F6DF09D95028}.Release|Any CPU.ActiveCfg = Release|Any CPU
		{51029BA0-2640-4F8B-A41C-F6DF09D95028}.Release|Any CPU.Build.0 = Release|Any CPU
		{3E52DE90-5E5A-471C-A716-60C96D7FE6F0}.Debug|Any CPU.ActiveCfg = Debug|Any CPU
		{3E52DE90-5E5A-471C-A716-60C96D7FE6F0}.Debug|Any CPU.Build.0 = Debug|Any CPU
		{3E52DE90-5E5A-471C-A716-60C96D7FE6F0}.Release|Any CPU.ActiveCfg = Release|Any CPU
		{3E52DE90-5E5A-471C-A716-60C96D7FE6F0}.Release|Any CPU.Build.0 = Release|Any CPU
	EndGlobalSection
	GlobalSection(SolutionProperties) = preSolution
		HideSolutionNode = FALSE
	EndGlobalSection
	GlobalSection(ExtensibilityGlobals) = postSolution
		SolutionGuid = {172D4289-569F-40B6-97BE-7954A5D987D1}
	EndGlobalSection
EndGlobal
